
Microsoft Visual Studio Solution File, Format Version 12.00
# Visual Studio Version 17
VisualStudioVersion = 17.11.35431.28
MinimumVisualStudioVersion = 10.0.40219.1
Project("{FAE04EC0-301F-11D3-BF4B-00C04F79EFBC}") = "advent-of-code-2024", "advent-of-code-2024.csproj", "{B3CC08E0-6940-4A76-92E6-227C23EFAB20}"
EndProject
Global
	GlobalSection(SolutionConfigurationPlatforms) = preSolution
		Debug|Any CPU = Debug|Any CPU
		Release|Any CPU = Release|Any CPU
	EndGlobalSection
	GlobalSection(ProjectConfigurationPlatforms) = postSolution
		{B3CC08E0-6940-4A76-92E6-227C23EFAB20}.Debug|Any CPU.ActiveCfg = Debug|Any CPU
		{B3CC08E0-6940-4A76-92E6-227C23EFAB20}.Debug|Any CPU.Build.0 = Debug|Any CPU
		{B3CC08E0-6940-4A76-92E6-227C23EFAB20}.Release|Any CPU.ActiveCfg = Release|Any CPU
		{B3CC08E0-6940-4A76-92E6-227C23EFAB20}.Release|Any CPU.Build.0 = Release|Any CPU
	EndGlobalSection
	GlobalSection(SolutionProperties) = preSolution
		HideSolutionNode = FALSE
	EndGlobalSection
	GlobalSection(ExtensibilityGlobals) = postSolution
		SolutionGuid = {063609F6-5D12-46E9-8E18-11DC8C1086A7}
	EndGlobalSection
EndGlobal
